{
  "originHash" : "a4faf23f47fe2eb42a912274835a7a3b0a83c59902a5348c3a31f3d41c689a61",
  "pins" : [
    {
      "identity" : "capture-core-sp",
      "kind" : "remoteSourceControl",
      "location" : "https://github.com/BlinkID/capture-core-sp",
      "state" : {
        "revision" : "5d0ae57d265cb5d7dcf255d93dd3421b5c825e46",
        "version" : "1.2.3"
      }
    },
    {
      "identity" : "ios-snapshot-test-case",
      "kind" : "remoteSourceControl",
      "location" : "https://github.com/uber/ios-snapshot-test-case",
      "state" : {
        "revision" : "7b10770333a961be6e5a41c9ce04b8c6d3990126",
        "version" : "8.0.0"
      }
    },
    {
      "identity" : "ohhttpstubs",
      "kind" : "remoteSourceControl",
      "location" : "https://github.com/eurias-stripe/OHHTTPStubs",
      "state" : {
        "branch" : "master",
        "revision" : "94cf8e1d9e38b0edd580ddc699dda23a7bf66515"
      }
    }
  ],
  "version" : 3
}
